
Microsoft Visual Studio Solution File, Format Version 12.00
# Visual Studio Version 17
VisualStudioVersion = 17.1.32328.378
MinimumVisualStudioVersion = 10.0.40219.1
Project("{FAE04EC0-301F-11D3-BF4B-00C04F79EFBC}") = "LoggingSample", "LoggingSample\LoggingSample.csproj", "{2B65F4E0-DC40-49D0-A613-9D750320DFAA}"
EndProject
Global
	GlobalSection(SolutionConfigurationPlatforms) = preSolution
		Debug|Any CPU = Debug|Any CPU
		Release|Any CPU = Release|Any CPU
	EndGlobalSection
	GlobalSection(ProjectConfigurationPlatforms) = postSolution
		{2B65F4E0-DC40-49D0-A613-9D750320DFAA}.Debug|Any CPU.ActiveCfg = Debug|Any CPU
		{2B65F4E0-DC40-49D0-A613-9D750320DFAA}.Debug|Any CPU.Build.0 = Debug|Any CPU
		{2B65F4E0-DC40-49D0-A613-9D750320DFAA}.Release|Any CPU.ActiveCfg = Release|Any CPU
		{2B65F4E0-DC40-49D0-A613-9D750320DFAA}.Release|Any CPU.Build.0 = Release|Any CPU
	EndGlobalSection
	GlobalSection(SolutionProperties) = preSolution
		HideSolutionNode = FALSE
	EndGlobalSection
	GlobalSection(ExtensibilityGlobals) = postSolution
		SolutionGuid = {55DB1787-8BA7-4F06-9095-1CB6CBBA43EC}
	EndGlobalSection
EndGlobal
