
Microsoft Visual Studio Solution File, Format Version 12.00
# Visual Studio Version 17
VisualStudioVersion = 17.1.32328.378
MinimumVisualStudioVersion = 10.0.40219.1
Project("{FAE04EC0-301F-11D3-BF4B-00C04F79EFBC}") = "TestToDocker", "TestToDocker\TestToDocker.csproj", "{078E09D0-4899-4AC5-97A9-0650312AB51C}"
EndProject
Project("{E53339B2-1760-4266-BCC7-CA923CBCF16C}") = "docker-compose", "docker-compose.dcproj", "{FF0D6067-5228-4CCB-93B2-B33639D58905}"
EndProject
Global
	GlobalSection(SolutionConfigurationPlatforms) = preSolution
		Debug|Any CPU = Debug|Any CPU
		Release|Any CPU = Release|Any CPU
	EndGlobalSection
	GlobalSection(ProjectConfigurationPlatforms) = postSolution
		{078E09D0-4899-4AC5-97A9-0650312AB51C}.Debug|Any CPU.ActiveCfg = Debug|Any CPU
		{078E09D0-4899-4AC5-97A9-0650312AB51C}.Debug|Any CPU.Build.0 = Debug|Any CPU
		{078E09D0-4899-4AC5-97A9-0650312AB51C}.Release|Any CPU.ActiveCfg = Release|Any CPU
		{078E09D0-4899-4AC5-97A9-0650312AB51C}.Release|Any CPU.Build.0 = Release|Any CPU
		{FF0D6067-5228-4CCB-93B2-B33639D58905}.Debug|Any CPU.ActiveCfg = Debug|Any CPU
		{FF0D6067-5228-4CCB-93B2-B33639D58905}.Debug|Any CPU.Build.0 = Debug|Any CPU
		{FF0D6067-5228-4CCB-93B2-B33639D58905}.Release|Any CPU.ActiveCfg = Release|Any CPU
		{FF0D6067-5228-4CCB-93B2-B33639D58905}.Release|Any CPU.Build.0 = Release|Any CPU
	EndGlobalSection
	GlobalSection(SolutionProperties) = preSolution
		HideSolutionNode = FALSE
	EndGlobalSection
	GlobalSection(ExtensibilityGlobals) = postSolution
		SolutionGuid = {39E0A222-9EE4-458B-9A94-F9738B682807}
	EndGlobalSection
EndGlobal
