
Microsoft Visual Studio Solution File, Format Version 12.00
# Visual Studio Version 17
VisualStudioVersion = 17.1.32328.378
MinimumVisualStudioVersion = 10.0.40219.1
Project("{FAE04EC0-301F-11D3-BF4B-00C04F79EFBC}") = "seriLogCustomization", "seriLogCustomization\seriLogCustomization.csproj", "{9354349D-5C70-4B2C-BA6D-041F6448ECE6}"
EndProject
Global
	GlobalSection(SolutionConfigurationPlatforms) = preSolution
		Debug|Any CPU = Debug|Any CPU
		Release|Any CPU = Release|Any CPU
	EndGlobalSection
	GlobalSection(ProjectConfigurationPlatforms) = postSolution
		{9354349D-5C70-4B2C-BA6D-041F6448ECE6}.Debug|Any CPU.ActiveCfg = Debug|Any CPU
		{9354349D-5C70-4B2C-BA6D-041F6448ECE6}.Debug|Any CPU.Build.0 = Debug|Any CPU
		{9354349D-5C70-4B2C-BA6D-041F6448ECE6}.Release|Any CPU.ActiveCfg = Release|Any CPU
		{9354349D-5C70-4B2C-BA6D-041F6448ECE6}.Release|Any CPU.Build.0 = Release|Any CPU
	EndGlobalSection
	GlobalSection(SolutionProperties) = preSolution
		HideSolutionNode = FALSE
	EndGlobalSection
	GlobalSection(ExtensibilityGlobals) = postSolution
		SolutionGuid = {BF28F7C3-0F53-461F-A986-F893E6D62AB0}
	EndGlobalSection
EndGlobal
